
Microsoft Visual Studio Solution File, Format Version 12.00
# Visual Studio Version 17
VisualStudioVersion = 17.0.31903.59
MinimumVisualStudioVersion = 10.0.40219.1
Project("{FAE04EC0-301F-11D3-BF4B-00C04F79EFBC}") = "WebApp", "WebApp\WebApp.csproj", "{D6EBF120-77B6-4F47-B8DB-94F1920BBD6F}"
EndProject
Project("{FAE04EC0-301F-11D3-BF4B-00C04F79EFBC}") = "Domain", "Domain\Domain.csproj", "{2D379453-99FB-420E-B7CB-0394C321640D}"
EndProject
Project("{FAE04EC0-301F-11D3-BF4B-00C04F79EFBC}") = "Application", "Application\Application.csproj", "{F4F9D4DC-C7AE-4FA2-8702-0A2107E07650}"
EndProject
Project("{FAE04EC0-301F-11D3-BF4B-00C04F79EFBC}") = "Infrastructure", "Infrastructure\Infrastructure.csproj", "{4D5A6DEA-2BFA-49B7-9A98-2BBACD8D2FD0}"
EndProject
Global
	GlobalSection(SolutionConfigurationPlatforms) = preSolution
		Debug|Any CPU = Debug|Any CPU
		Release|Any CPU = Release|Any CPU
	EndGlobalSection
	GlobalSection(SolutionProperties) = preSolution
		HideSolutionNode = FALSE
	EndGlobalSection
	GlobalSection(ProjectConfigurationPlatforms) = postSolution
		{D6EBF120-77B6-4F47-B8DB-94F1920BBD6F}.Debug|Any CPU.ActiveCfg = Debug|Any CPU
		{D6EBF120-77B6-4F47-B8DB-94F1920BBD6F}.Debug|Any CPU.Build.0 = Debug|Any CPU
		{D6EBF120-77B6-4F47-B8DB-94F1920BBD6F}.Release|Any CPU.ActiveCfg = Release|Any CPU
		{D6EBF120-77B6-4F47-B8DB-94F1920BBD6F}.Release|Any CPU.Build.0 = Release|Any CPU
		{2D379453-99FB-420E-B7CB-0394C321640D}.Debug|Any CPU.ActiveCfg = Debug|Any CPU
		{2D379453-99FB-420E-B7CB-0394C321640D}.Debug|Any CPU.Build.0 = Debug|Any CPU
		{2D379453-99FB-420E-B7CB-0394C321640D}.Release|Any CPU.ActiveCfg = Release|Any CPU
		{2D379453-99FB-420E-B7CB-0394C321640D}.Release|Any CPU.Build.0 = Release|Any CPU
		{F4F9D4DC-C7AE-4FA2-8702-0A2107E07650}.Debug|Any CPU.ActiveCfg = Debug|Any CPU
		{F4F9D4DC-C7AE-4FA2-8702-0A2107E07650}.Debug|Any CPU.Build.0 = Debug|Any CPU
		{F4F9D4DC-C7AE-4FA2-8702-0A2107E07650}.Release|Any CPU.ActiveCfg = Release|Any CPU
		{F4F9D4DC-C7AE-4FA2-8702-0A2107E07650}.Release|Any CPU.Build.0 = Release|Any CPU
		{4D5A6DEA-2BFA-49B7-9A98-2BBACD8D2FD0}.Debug|Any CPU.ActiveCfg = Debug|Any CPU
		{4D5A6DEA-2BFA-49B7-9A98-2BBACD8D2FD0}.Debug|Any CPU.Build.0 = Debug|Any CPU
		{4D5A6DEA-2BFA-49B7-9A98-2BBACD8D2FD0}.Release|Any CPU.ActiveCfg = Release|Any CPU
		{4D5A6DEA-2BFA-49B7-9A98-2BBACD8D2FD0}.Release|Any CPU.Build.0 = Release|Any CPU
	EndGlobalSection
EndGlobal
